
Microsoft Visual Studio Solution File, Format Version 12.00
# Visual Studio Version 17
VisualStudioVersion = 17.7.34031.279
MinimumVisualStudioVersion = 10.0.40219.1
Project("{9A19103F-16F7-4668-BE54-9A1E7A4F7556}") = "DaktBot", "DaktBot\DaktBot.csproj", "{6541F4A2-BFB4-4F45-BB83-D04C8BBFEB18}"
EndProject
Project("{9A19103F-16F7-4668-BE54-9A1E7A4F7556}") = "Daktbot.Discord.Core", "Daktbot.Discord.Core\Daktbot.Discord.Core.csproj", "{8518A036-8FBF-4232-9843-BEF83C7D584D}"
EndProject
Project("{9A19103F-16F7-4668-BE54-9A1E7A4F7556}") = "Daktbot.Common", "Daktbot.Common\Daktbot.Common.csproj", "{5FE7A30B-C176-4062-9717-68F9BE2AD111}"
EndProject
Project("{FAE04EC0-301F-11D3-BF4B-00C04F79EFBC}") = "Daktbot.Storage", "Daktbot.Storage\Daktbot.Storage.csproj", "{F8251EE7-FF8B-466D-8084-3EF43DD085FF}"
EndProject
Global
	GlobalSection(SolutionConfigurationPlatforms) = preSolution
		Debug|Any CPU = Debug|Any CPU
		Release|Any CPU = Release|Any CPU
	EndGlobalSection
	GlobalSection(ProjectConfigurationPlatforms) = postSolution
		{6541F4A2-BFB4-4F45-BB83-D04C8BBFEB18}.Debug|Any CPU.ActiveCfg = Debug|Any CPU
		{6541F4A2-BFB4-4F45-BB83-D04C8BBFEB18}.Debug|Any CPU.Build.0 = Debug|Any CPU
		{6541F4A2-BFB4-4F45-BB83-D04C8BBFEB18}.Release|Any CPU.ActiveCfg = Release|Any CPU
		{6541F4A2-BFB4-4F45-BB83-D04C8BBFEB18}.Release|Any CPU.Build.0 = Release|Any CPU
		{8518A036-8FBF-4232-9843-BEF83C7D584D}.Debug|Any CPU.ActiveCfg = Debug|Any CPU
		{8518A036-8FBF-4232-9843-BEF83C7D584D}.Debug|Any CPU.Build.0 = Debug|Any CPU
		{8518A036-8FBF-4232-9843-BEF83C7D584D}.Release|Any CPU.ActiveCfg = Release|Any CPU
		{8518A036-8FBF-4232-9843-BEF83C7D584D}.Release|Any CPU.Build.0 = Release|Any CPU
		{5FE7A30B-C176-4062-9717-68F9BE2AD111}.Debug|Any CPU.ActiveCfg = Debug|Any CPU
		{5FE7A30B-C176-4062-9717-68F9BE2AD111}.Debug|Any CPU.Build.0 = Debug|Any CPU
		{5FE7A30B-C176-4062-9717-68F9BE2AD111}.Release|Any CPU.ActiveCfg = Release|Any CPU
		{5FE7A30B-C176-4062-9717-68F9BE2AD111}.Release|Any CPU.Build.0 = Release|Any CPU
		{F8251EE7-FF8B-466D-8084-3EF43DD085FF}.Debug|Any CPU.ActiveCfg = Debug|Any CPU
		{F8251EE7-FF8B-466D-8084-3EF43DD085FF}.Debug|Any CPU.Build.0 = Debug|Any CPU
		{F8251EE7-FF8B-466D-8084-3EF43DD085FF}.Release|Any CPU.ActiveCfg = Release|Any CPU
		{F8251EE7-FF8B-466D-8084-3EF43DD085FF}.Release|Any CPU.Build.0 = Release|Any CPU
	EndGlobalSection
	GlobalSection(SolutionProperties) = preSolution
		HideSolutionNode = FALSE
	EndGlobalSection
	GlobalSection(ExtensibilityGlobals) = postSolution
		SolutionGuid = {38C7F20C-93A0-41BB-AC5E-277B46BE76E8}
	EndGlobalSection
EndGlobal
